Microsoft Visual Studio Solution File, Format Version 10.00
# Visual Studio 2008
Project("{FAE04EC0-301F-11D3-BF4B-00C04F79EFBC}") = "ConsoleApplication2Tcp", "ConsoleApplication2Tcp\ConsoleApplication2Tcp.csproj", "{6F3C8A76-4ADA-4B6E-929D-3FC7650D6777}"
EndProject
Project("{FAE04EC0-301F-11D3-BF4B-00C04F79EFBC}") = "keeplive", "keeplive\keeplive.csproj", "{74AF2FDA-7AAE-445B-8741-3C08BFE4EED1}"
EndProject
Project("{FAE04EC0-301F-11D3-BF4B-00C04F79EFBC}") = "AVLSServer", "AVLSServer\AVLSServer.csproj", "{B953DA86-34BA-4A57-BAB6-56B6AB19CDB8}"
EndProject
Project("{FAE04EC0-301F-11D3-BF4B-00C04F79EFBC}") = "WindowsFormsApplication1AVLSServer", "WindowsFormsApplication1AVLSServer\WindowsFormsApplication1AVLSServer.csproj", "{BFBF37F5-F5DB-4942-8510-F40737B0FF16}"
EndProject
Global
	GlobalSection(SolutionConfigurationPlatforms) = preSolution
		Debug|Any CPU = Debug|Any CPU
		Release|Any CPU = Release|Any CPU
	EndGlobalSection
	GlobalSection(ProjectConfigurationPlatforms) = postSolution
		{6F3C8A76-4ADA-4B6E-929D-3FC7650D6777}.Debug|Any CPU.ActiveCfg = Debug|Any CPU
		{6F3C8A76-4ADA-4B6E-929D-3FC7650D6777}.Debug|Any CPU.Build.0 = Debug|Any CPU
		{6F3C8A76-4ADA-4B6E-929D-3FC7650D6777}.Release|Any CPU.ActiveCfg = Release|Any CPU
		{6F3C8A76-4ADA-4B6E-929D-3FC7650D6777}.Release|Any CPU.Build.0 = Release|Any CPU
		{74AF2FDA-7AAE-445B-8741-3C08BFE4EED1}.Debug|Any CPU.ActiveCfg = Debug|Any CPU
		{74AF2FDA-7AAE-445B-8741-3C08BFE4EED1}.Debug|Any CPU.Build.0 = Debug|Any CPU
		{74AF2FDA-7AAE-445B-8741-3C08BFE4EED1}.Release|Any CPU.ActiveCfg = Release|Any CPU
		{74AF2FDA-7AAE-445B-8741-3C08BFE4EED1}.Release|Any CPU.Build.0 = Release|Any CPU
		{B953DA86-34BA-4A57-BAB6-56B6AB19CDB8}.Debug|Any CPU.ActiveCfg = Debug|Any CPU
		{B953DA86-34BA-4A57-BAB6-56B6AB19CDB8}.Debug|Any CPU.Build.0 = Debug|Any CPU
		{B953DA86-34BA-4A57-BAB6-56B6AB19CDB8}.Release|Any CPU.ActiveCfg = Release|Any CPU
		{B953DA86-34BA-4A57-BAB6-56B6AB19CDB8}.Release|Any CPU.Build.0 = Release|Any CPU
		{BFBF37F5-F5DB-4942-8510-F40737B0FF16}.Debug|Any CPU.ActiveCfg = Debug|Any CPU
		{BFBF37F5-F5DB-4942-8510-F40737B0FF16}.Debug|Any CPU.Build.0 = Debug|Any CPU
		{BFBF37F5-F5DB-4942-8510-F40737B0FF16}.Release|Any CPU.ActiveCfg = Release|Any CPU
		{BFBF37F5-F5DB-4942-8510-F40737B0FF16}.Release|Any CPU.Build.0 = Release|Any CPU
	EndGlobalSection
	GlobalSection(SolutionProperties) = preSolution
		HideSolutionNode = FALSE
	EndGlobalSection
EndGlobal
